
Microsoft Visual Studio Solution File, Format Version 11.00
# Visual Studio 2010
Project("{FAE04EC0-301F-11D3-BF4B-00C04F79EFBC}") = "CoffeeTweet.Web", "CoffeeTweet.Web\CoffeeTweet.Web.csproj", "{0624E66B-7047-4054-8A16-8C0F74E0EF79}"
EndProject
Project("{FAE04EC0-301F-11D3-BF4B-00C04F79EFBC}") = "CoffeeTweet.ConsoleService", "CoffeeTweet.Console\CoffeeTweet.ConsoleService.csproj", "{A4D0C7A9-4EB3-43A9-87B9-11F6E41556A1}"
EndProject
Project("{FAE04EC0-301F-11D3-BF4B-00C04F79EFBC}") = "CoffeeTweet.Domain", "CoffeeTweet.Domain\CoffeeTweet.Domain.csproj", "{F2A862D4-5C16-4BFE-BC85-9E285566C619}"
EndProject
Global
	GlobalSection(SolutionConfigurationPlatforms) = preSolution
		Debug|Any CPU = Debug|Any CPU
		Debug|Mixed Platforms = Debug|Mixed Platforms
		Debug|x86 = Debug|x86
		Release|Any CPU = Release|Any CPU
		Release|Mixed Platforms = Release|Mixed Platforms
		Release|x86 = Release|x86
	EndGlobalSection
	GlobalSection(ProjectConfigurationPlatforms) = postSolution
		{0624E66B-7047-4054-8A16-8C0F74E0EF79}.Debug|Any CPU.ActiveCfg = Debug|Any CPU
		{0624E66B-7047-4054-8A16-8C0F74E0EF79}.Debug|Any CPU.Build.0 = Debug|Any CPU
		{0624E66B-7047-4054-8A16-8C0F74E0EF79}.Debug|Mixed Platforms.ActiveCfg = Debug|Any CPU
		{0624E66B-7047-4054-8A16-8C0F74E0EF79}.Debug|Mixed Platforms.Build.0 = Debug|Any CPU
		{0624E66B-7047-4054-8A16-8C0F74E0EF79}.Debug|x86.ActiveCfg = Debug|Any CPU
		{0624E66B-7047-4054-8A16-8C0F74E0EF79}.Release|Any CPU.ActiveCfg = Release|Any CPU
		{0624E66B-7047-4054-8A16-8C0F74E0EF79}.Release|Any CPU.Build.0 = Release|Any CPU
		{0624E66B-7047-4054-8A16-8C0F74E0EF79}.Release|Mixed Platforms.ActiveCfg = Release|Any CPU
		{0624E66B-7047-4054-8A16-8C0F74E0EF79}.Release|Mixed Platforms.Build.0 = Release|Any CPU
		{0624E66B-7047-4054-8A16-8C0F74E0EF79}.Release|x86.ActiveCfg = Release|Any CPU
		{A4D0C7A9-4EB3-43A9-87B9-11F6E41556A1}.Debug|Any CPU.ActiveCfg = Debug|x86
		{A4D0C7A9-4EB3-43A9-87B9-11F6E41556A1}.Debug|Mixed Platforms.ActiveCfg = Debug|x86
		{A4D0C7A9-4EB3-43A9-87B9-11F6E41556A1}.Debug|Mixed Platforms.Build.0 = Debug|x86
		{A4D0C7A9-4EB3-43A9-87B9-11F6E41556A1}.Debug|x86.ActiveCfg = Debug|x86
		{A4D0C7A9-4EB3-43A9-87B9-11F6E41556A1}.Debug|x86.Build.0 = Debug|x86
		{A4D0C7A9-4EB3-43A9-87B9-11F6E41556A1}.Release|Any CPU.ActiveCfg = Release|x86
		{A4D0C7A9-4EB3-43A9-87B9-11F6E41556A1}.Release|Mixed Platforms.ActiveCfg = Release|x86
		{A4D0C7A9-4EB3-43A9-87B9-11F6E41556A1}.Release|Mixed Platforms.Build.0 = Release|x86
		{A4D0C7A9-4EB3-43A9-87B9-11F6E41556A1}.Release|x86.ActiveCfg = Release|x86
		{A4D0C7A9-4EB3-43A9-87B9-11F6E41556A1}.Release|x86.Build.0 = Release|x86
		{F2A862D4-5C16-4BFE-BC85-9E285566C619}.Debug|Any CPU.ActiveCfg = Debug|Any CPU
		{F2A862D4-5C16-4BFE-BC85-9E285566C619}.Debug|Any CPU.Build.0 = Debug|Any CPU
		{F2A862D4-5C16-4BFE-BC85-9E285566C619}.Debug|Mixed Platforms.ActiveCfg = Debug|Any CPU
		{F2A862D4-5C16-4BFE-BC85-9E285566C619}.Debug|Mixed Platforms.Build.0 = Debug|Any CPU
		{F2A862D4-5C16-4BFE-BC85-9E285566C619}.Debug|x86.ActiveCfg = Debug|Any CPU
		{F2A862D4-5C16-4BFE-BC85-9E285566C619}.Release|Any CPU.ActiveCfg = Release|Any CPU
		{F2A862D4-5C16-4BFE-BC85-9E285566C619}.Release|Any CPU.Build.0 = Release|Any CPU
		{F2A862D4-5C16-4BFE-BC85-9E285566C619}.Release|Mixed Platforms.ActiveCfg = Release|Any CPU
		{F2A862D4-5C16-4BFE-BC85-9E285566C619}.Release|Mixed Platforms.Build.0 = Release|Any CPU
		{F2A862D4-5C16-4BFE-BC85-9E285566C619}.Release|x86.ActiveCfg = Release|Any CPU
	EndGlobalSection
	GlobalSection(SolutionProperties) = preSolution
		HideSolutionNode = FALSE
	EndGlobalSection
EndGlobal
